// !$*UTF8*$!
{
	archiveVersion = 1;
	classes = {
	};
	objectVersion = 50;
	objects = {

/* Begin PBXBuildFile section */
		0F3EE4F4A3B022CC9D08074C /* Pods_Toastie_The_Toaster.framework in Frameworks */ = {isa = PBXBuildFile; fileRef = 96994EA38D6CEC8A9452E5DF /* Pods_Toastie_The_Toaster.framework */; };
		4072CDDF22720048007F40B6 /* toastieTheToaster.jpg in Resources */ = {isa = PBXBuildFile; fileRef = 4072CDDE22720048007F40B6 /* toastieTheToaster.jpg */; };
		40E420AA22445CF800A9DF61 /* AppDelegate.swift in Sources */ = {isa = PBXBuildFile; fileRef = 40E420A922445CF800A9DF61 /* AppDelegate.swift */; };
		40E420AC22445CF800A9DF61 /* ViewController.swift in Sources */ = {isa = PBXBuildFile; fileRef = 40E420AB22445CF800A9DF61 /* ViewController.swift */; };
		40E420AF22445CF800A9DF61 /* Main.storyboard in Resources */ = {isa = PBXBuildFile; fileRef = 40E420AD22445CF800A9DF61 /* Main.storyboard */; };
		40E420B122445CFC00A9DF61 /* Assets.xcassets in Resources */ = {isa = PBXBuildFile; fileRef = 40E420B022445CFC00A9DF61 /* Assets.xcassets */; };
		40E420B422445CFC00A9DF61 /* LaunchScreen.storyboard in Resources */ = {isa = PBXBuildFile; fileRef = 40E420B222445CFC00A9DF61 /* LaunchScreen.storyboard */; };
/* End PBXBuildFile section */

/* Begin PBXFileReference section */
		4072CDDE22720048007F40B6 /* toastieTheToaster.jpg */ = {isa = PBXFileReference; lastKnownFileType = image.jpeg; path = toastieTheToaster.jpg; sourceTree = SOURCE_ROOT; };
		40E420A622445CF800A9DF61 /* Toastie The Toaster.app */ = {isa = PBXFileReference; explicitFileType = wrapper.application; includeInIndex = 0; path = "Toastie The Toaster.app"; sourceTree = BUILT_PRODUCTS_DIR; };
		40E420A922445CF800A9DF61 /* AppDelegate.swift */ = {isa = PBXFileReference; lastKnownFileType = sourcecode.swift; path = AppDelegate.swift; sourceTree = "<group>"; };
		40E420AB22445CF800A9DF61 /* ViewController.swift */ = {isa = PBXFileReference; lastKnownFileType = sourcecode.swift; path = ViewController.swift; sourceTree = "<group>"; };
		40E420AE22445CF800A9DF61 /* Base */ = {isa = PBXFileReference; lastKnownFileType = file.storyboard; name = Base; path = Base.lproj/Main.storyboard; sourceTree = "<group>"; };
		40E420B022445CFC00A9DF61 /* Assets.xcassets */ = {isa = PBXFileReference; lastKnownFileType = folder.assetcatalog; path = Assets.xcassets; sourceTree = "<group>"; };
		40E420B322445CFC00A9DF61 /* Base */ = {isa = PBXFileReference; lastKnownFileType = file.storyboard; name = Base; path = Base.lproj/LaunchScreen.storyboard; sourceTree = "<group>"; };
		40E420B522445CFC00A9DF61 /* Info.plist */ = {isa = PBXFileReference; lastKnownFileType = text.plist.xml; path = Info.plist; sourceTree = "<group>"; };
		4D7266838A136962909DA99F /* Pods-Toastie The Toaster.release.xcconfig */ = {isa = PBXFileReference; includeInIndex = 1; lastKnownFileType = text.xcconfig; name = "Pods-Toastie The Toaster.release.xcconfig"; path = "Target Support Files/Pods-Toastie The Toaster/Pods-Toastie The Toaster.release.xcconfig"; sourceTree = "<group>"; };
		96994EA38D6CEC8A9452E5DF /* Pods_Toastie_The_Toaster.framework */ = {isa = PBXFileReference; explicitFileType = wrapper.framework; includeInIndex = 0; path = Pods_Toastie_The_Toaster.framework; sourceTree = BUILT_PRODUCTS_DIR; };
		DDEC29BD09BE88C179E2C958 /* Pods-Toastie The Toaster.debug.xcconfig */ = {isa = PBXFileReference; includeInIndex = 1; lastKnownFileType = text.xcconfig; name = "Pods-Toastie The Toaster.debug.xcconfig"; path = "Target Support Files/Pods-Toastie The Toaster/Pods-Toastie The Toaster.debug.xcconfig"; sourceTree = "<group>"; };
/* End PBXFileReference section */

/* Begin PBXFrameworksBuildPhase section */
		40E420A322445CF800A9DF61 /* Frameworks */ = {
			isa = PBXFrameworksBuildPhase;
			buildActionMask = 2147483647;
			files = (
				0F3EE4F4A3B022CC9D08074C /* Pods_Toastie_The_Toaster.framework in Frameworks */,
			);
			runOnlyForDeploymentPostprocessing = 0;
		};
/* End PBXFrameworksBuildPhase section */

/* Begin PBXGroup section */
		40E4209D22445CF800A9DF61 = {
			isa = PBXGroup;
			children = (
				40E420A822445CF800A9DF61 /* Toastie The Toaster */,
				40E420A722445CF800A9DF61 /* Products */,
				A82E605BA08D124C96167446 /* Pods */,
				9D6AFD872E47722DF0034DC7 /* Frameworks */,
			);
			sourceTree = "<group>";
		};
		40E420A722445CF800A9DF61 /* Products */ = {
			isa = PBXGroup;
			children = (
				40E420A622445CF800A9DF61 /* Toastie The Toaster.app */,
			);
			name = Products;
			sourceTree = "<group>";
		};
		40E420A822445CF800A9DF61 /* Toastie The Toaster */ = {
			isa = PBXGroup;
			children = (
				40E420A922445CF800A9DF61 /* AppDelegate.swift */,
				40E420AB22445CF800A9DF61 /* ViewController.swift */,
				40E420AD22445CF800A9DF61 /* Main.storyboard */,
				40E420B022445CFC00A9DF61 /* Assets.xcassets */,
				40E420B222445CFC00A9DF61 /* LaunchScreen.storyboard */,
				40E420B522445CFC00A9DF61 /* Info.plist */,
				4072CDDE22720048007F40B6 /* toastieTheToaster.jpg */,
			);
			path = "Toastie The Toaster";
			sourceTree = "<group>";
		};
		9D6AFD872E47722DF0034DC7 /* Frameworks */ = {
			isa = PBXGroup;
			children = (
				96994EA38D6CEC8A9452E5DF /* Pods_Toastie_The_Toaster.framework */,
			);
			name = Frameworks;
			sourceTree = "<group>";
		};
		A82E605BA08D124C96167446 /* Pods */ = {
			isa = PBXGroup;
			children = (
				DDEC29BD09BE88C179E2C958 /* Pods-Toastie The Toaster.debug.xcconfig */,
				4D7266838A136962909DA99F /* Pods-Toastie The Toaster.release.xcconfig */,
			);
			path = Pods;
			sourceTree = "<group>";
		};
/* End PBXGroup section */

/* Begin PBXNativeTarget section */
		40E420A522445CF800A9DF61 /* Toastie The Toaster */ = {
			isa = PBXNativeTarget;
			buildConfigurationList = 40E420B822445CFC00A9DF61 /* Build configuration list for PBXNativeTarget "Toastie The Toaster" */;
			buildPhases = (
				5A39BC7255EC620994A47194 /* [CP] Check Pods Manifest.lock */,
				40E420A222445CF800A9DF61 /* Sources */,
				40E420A322445CF800A9DF61 /* Frameworks */,
				40E420A422445CF800A9DF61 /* Resources */,
				B43497D6800E6668C4ED940E /* [CP] Embed Pods Frameworks */,
			);
			buildRules = (
			);
			dependencies = (
			);
			name = "Toastie The Toaster";
			productName = "Toastie The Toaster";
			productReference = 40E420A622445CF800A9DF61 /* Toastie The Toaster.app */;
			productType = "com.apple.product-type.application";
		};
/* End PBXNativeTarget section */

/* Begin PBXProject section */
		40E4209E22445CF800A9DF61 /* Project object */ = {
			isa = PBXProject;
			attributes = {
				LastSwiftUpdateCheck = 1010;
				LastUpgradeCheck = 1010;
				ORGANIZATIONNAME = "Ashley Roselius";
				TargetAttributes = {
					40E420A522445CF800A9DF61 = {
						CreatedOnToolsVersion = 10.1;
					};
				};
			};
			buildConfigurationList = 40E420A122445CF800A9DF61 /* Build configuration list for PBXProject "Toastie The Toaster" */;
			compatibilityVersion = "Xcode 9.3";
			developmentRegion = en;
			hasScannedForEncodings = 0;
			knownRegions = (
				en,
				Base,
			);
			mainGroup = 40E4209D22445CF800A9DF61;
			productRefGroup = 40E420A722445CF800A9DF61 /* Products */;
			projectDirPath = "";
			projectRoot = "";
			targets = (
				40E420A522445CF800A9DF61 /* Toastie The Toaster */,
			);
		};
/* End PBXProject section */

/* Begin PBXResourcesBuildPhase section */
		40E420A422445CF800A9DF61 /* Resources */ = {
			isa = PBXResourcesBuildPhase;
			buildActionMask = 2147483647;
			files = (
				4072CDDF22720048007F40B6 /* toastieTheToaster.jpg in Resources */,
				40E420B422445CFC00A9DF61 /* LaunchScreen.storyboard in Resources */,
				40E420B122445CFC00A9DF61 /* Assets.xcassets in Resources */,
				40E420AF22445CF800A9DF61 /* Main.storyboard in Resources */,
			);
			runOnlyForDeploymentPostprocessing = 0;
		};
/* End PBXResourcesBuildPhase section */

/* Begin PBXShellScriptBuildPhase section */
		5A39BC7255EC620994A47194 /* [CP] Check Pods Manifest.lock */ = {
			isa = PBXShellScriptBuildPhase;
			buildActionMask = 2147483647;
			files = (
			);
			inputFileListPaths = (
			);
			inputPaths = (
				"${PODS_PODFILE_DIR_PATH}/Podfile.lock",
				"${PODS_ROOT}/Manifest.lock",
			);
			name = "[CP] Check Pods Manifest.lock";
			outputFileListPaths = (
			);
			outputPaths = (
				"$(DERIVED_FILE_DIR)/Pods-Toastie The Toaster-checkManifestLockResult.txt",
			);
			runOnlyForDeploymentPostprocessing = 0;
			shellPath = /bin/sh;
			shellScript = "diff \"${PODS_PODFILE_DIR_PATH}/Podfile.lock\" \"${PODS_ROOT}/Manifest.lock\" > /dev/null\nif [ $? != 0 ] ; then\n    # print error to STDERR\n    echo \"error: The sandbox is not in sync with the Podfile.lock. Run 'pod install' or update your CocoaPods installation.\" >&2\n    exit 1\nfi\n# This output is used by Xcode 'outputs' to avoid re-running this script phase.\necho \"SUCCESS\" > \"${SCRIPT_OUTPUT_FILE_0}\"\n";
			showEnvVarsInLog = 0;
		};
		B43497D6800E6668C4ED940E /* [CP] Embed Pods Frameworks */ = {
			isa = PBXShellScriptBuildPhase;
			buildActionMask = 2147483647;
			files = (
			);
			inputFileListPaths = (
			);
			inputPaths = (
				"${PODS_ROOT}/Target Support Files/Pods-Toastie The Toaster/Pods-Toastie The Toaster-frameworks.sh",
				"${BUILT_PRODUCTS_DIR}/SwiftSocket/SwiftSocket.framework",
			);
			name = "[CP] Embed Pods Frameworks";
			outputFileListPaths = (
			);
			outputPaths = (
				"${TARGET_BUILD_DIR}/${FRAMEWORKS_FOLDER_PATH}/SwiftSocket.framework",
			);
			runOnlyForDeploymentPostprocessing = 0;
			shellPath = /bin/sh;
			shellScript = "\"${PODS_ROOT}/Target Support Files/Pods-Toastie The Toaster/Pods-Toastie The Toaster-frameworks.sh\"\n";
			showEnvVarsInLog = 0;
		};
/* End PBXShellScriptBuildPhase section */

/* Begin PBXSourcesBuildPhase section */
		40E420A222445CF800A9DF61 /* Sources */ = {
			isa = PBXSourcesBuildPhase;
			buildActionMask = 2147483647;
			files = (
				40E420AC22445CF800A9DF61 /* ViewController.swift in Sources */,
				40E420AA22445CF800A9DF61 /* AppDelegate.swift in Sources */,
			);
			runOnlyForDeploymentPostprocessing = 0;
		};
/* End PBXSourcesBuildPhase section */

/* Begin PBXVariantGroup section */
		40E420AD22445CF800A9DF61 /* Main.storyboard */ = {
			isa = PBXVariantGroup;
			children = (
				40E420AE22445CF800A9DF61 /* Base */,
			);
			name = Main.storyboard;
			sourceTree = "<group>";
		};
		40E420B222445CFC00A9DF61 /* LaunchScreen.storyboard */ = {
			isa = PBXVariantGroup;
			children = (
				40E420B322445CFC00A9DF61 /* Base */,
			);
			name = LaunchScreen.storyboard;
			sourceTree = "<group>";
		};
/* End PBXVariantGroup section */

/* Begin XCBuildConfiguration section */
		40E420B622445CFC00A9DF61 /* Debug */ = {
			isa = XCBuildConfiguration;
			buildSettings = {
				ALWAYS_SEARCH_USER_PATHS = NO;
				CLANG_ANALYZER_NONNULL = YES;
				CLANG_ANALYZER_NUMBER_OBJECT_CONVERSION = YES_AGGRESSIVE;
				CLANG_CXX_LANGUAGE_STANDARD = "gnu++14";
				CLANG_CXX_LIBRARY = "libc++";
				CLANG_ENABLE_MODULES = YES;
				CLANG_ENABLE_OBJC_ARC = YES;
				CLANG_ENABLE_OBJC_WEAK = YES;
				CLANG_WARN_BLOCK_CAPTURE_AUTORELEASING = YES;
				CLANG_WARN_BOOL_CONVERSION = YES;
				CLANG_WARN_COMMA = YES;
				CLANG_WARN_CONSTANT_CONVERSION = YES;
				CLANG_WARN_DEPRECATED_OBJC_IMPLEMENTATIONS = YES;
				CLANG_WARN_DIRECT_OBJC_ISA_USAGE = YES_ERROR;
				CLANG_WARN_DOCUMENTATION_COMMENTS = YES;
				CLANG_WARN_EMPTY_BODY = YES;
				CLANG_WARN_ENUM_CONVERSION = YES;
				CLANG_WARN_INFINITE_RECURSION = YES;
				CLANG_WARN_INT_CONVERSION = YES;
				CLANG_WARN_NON_LITERAL_NULL_CONVERSION = YES;
				CLANG_WARN_OBJC_IMPLICIT_RETAIN_SELF = YES;
				CLANG_WARN_OBJC_LITERAL_CONVERSION = YES;
				CLANG_WARN_OBJC_ROOT_CLASS = YES_ERROR;
				CLANG_WARN_RANGE_LOOP_ANALYSIS = YES;
				CLANG_WARN_STRICT_PROTOTYPES = YES;
				CLANG_WARN_SUSPICIOUS_MOVE = YES;
				CLANG_WARN_UNGUARDED_AVAILABILITY = YES_AGGRESSIVE;
				CLANG_WARN_UNREACHABLE_CODE = YES;
				CLANG_WARN__DUPLICATE_METHOD_MATCH = YES;
				CODE_SIGN_IDENTITY = "iPhone Developer";
				COPY_PHASE_STRIP = NO;
				DEBUG_INFORMATION_FORMAT = dwarf;
				ENABLE_STRICT_OBJC_MSGSEND = YES;
				ENABLE_TESTABILITY = YES;
				GCC_C_LANGUAGE_STANDARD = gnu11;
				GCC_DYNAMIC_NO_PIC = NO;
				GCC_NO_COMMON_BLOCKS = YES;
				GCC_OPTIMIZATION_LEVEL = 0;
				GCC_PREPROCESSOR_DEFINITIONS = (
					"DEBUG=1",
					"$(inherited)",
				);
				GCC_WARN_64_TO_32_BIT_CONVERSION = YES;
				GCC_WARN_ABOUT_RETURN_TYPE = YES_ERROR;
				GCC_WARN_UNDECLARED_SELECTOR = YES;
				GCC_WARN_UNINITIALIZED_AUTOS = YES_AGGRESSIVE;
				GCC_WARN_UNUSED_FUNCTION = YES;
				GCC_WARN_UNUSED_VARIABLE = YES;
				IPHONEOS_DEPLOYMENT_TARGET = 12.1;
				MTL_ENABLE_DEBUG_INFO = INCLUDE_SOURCE;
				MTL_FAST_MATH = YES;
				ONLY_ACTIVE_ARCH = YES;
				SDKROOT = iphoneos;
				SWIFT_ACTIVE_COMPILATION_CONDITIONS = DEBUG;
				SWIFT_OPTIMIZATION_LEVEL = "-Onone";
			};
			name = Debug;
		};
		40E420B722445CFC00A9DF61 /* Release */ = {
			isa = XCBuildConfiguration;
			buildSettings = {
				ALWAYS_SEARCH_USER_PATHS = NO;
				CLANG_ANALYZER_NONNULL = YES;
				CLANG_ANALYZER_NUMBER_OBJECT_CONVERSION = YES_AGGRESSIVE;
				CLANG_CXX_LANGUAGE_STANDARD = "gnu++14";
				CLANG_CXX_LIBRARY = "libc++";
				CLANG_ENABLE_MODULES = YES;
				CLANG_ENABLE_OBJC_ARC = YES;
				CLANG_ENABLE_OBJC_WEAK = YES;
				CLANG_WARN_BLOCK_CAPTURE_AUTORELEASING = YES;
				CLANG_WARN_BOOL_CONVERSION = YES;
				CLANG_WARN_COMMA = YES;
				CLANG_WARN_CONSTANT_CONVERSION = YES;
				CLANG_WARN_DEPRECATED_OBJC_IMPLEMENTATIONS = YES;
				CLANG_WARN_DIRECT_OBJC_ISA_USAGE = YES_ERROR;
				CLANG_WARN_DOCUMENTATION_COMMENTS = YES;
				CLANG_WARN_EMPTY_BODY = YES;
				CLANG_WARN_ENUM_CONVERSION = YES;
				CLANG_WARN_INFINITE_RECURSION = YES;
				CLANG_WARN_INT_CONVERSION = YES;
				CLANG_WARN_NON_LITERAL_NULL_CONVERSION = YES;
				CLANG_WARN_OBJC_IMPLICIT_RETAIN_SELF = YES;
				CLANG_WARN_OBJC_LITERAL_CONVERSION = YES;
				CLANG_WARN_OBJC_ROOT_CLASS = YES_ERROR;
				CLANG_WARN_RANGE_LOOP_ANALYSIS = YES;
				CLANG_WARN_STRICT_PROTOTYPES = YES;
				CLANG_WARN_SUSPICIOUS_MOVE = YES;
				CLANG_WARN_UNGUARDED_AVAILABILITY = YES_AGGRESSIVE;
				CLANG_WARN_UNREACHABLE_CODE = YES;
				CLANG_WARN__DUPLICATE_METHOD_MATCH = YES;
				CODE_SIGN_IDENTITY = "iPhone Developer";
				COPY_PHASE_STRIP = NO;
				DEBUG_INFORMATION_FORMAT = "dwarf-with-dsym";
				ENABLE_NS_ASSERTIONS = NO;
				ENABLE_STRICT_OBJC_MSGSEND = YES;
				GCC_C_LANGUAGE_STANDARD = gnu11;
				GCC_NO_COMMON_BLOCKS = YES;
				GCC_WARN_64_TO_32_BIT_CONVERSION = YES;
				GCC_WARN_ABOUT_RETURN_TYPE = YES_ERROR;
				GCC_WARN_UNDECLARED_SELECTOR = YES;
				GCC_WARN_UNINITIALIZED_AUTOS = YES_AGGRESSIVE;
				GCC_WARN_UNUSED_FUNCTION = YES;
				GCC_WARN_UNUSED_VARIABLE = YES;
				IPHONEOS_DEPLOYMENT_TARGET = 12.1;
				MTL_ENABLE_DEBUG_INFO = NO;
				MTL_FAST_MATH = YES;
				SDKROOT = iphoneos;
				SWIFT_COMPILATION_MODE = wholemodule;
				SWIFT_OPTIMIZATION_LEVEL = "-O";
				VALIDATE_PRODUCT = YES;
			};
			name = Release;
		};
		40E420B922445CFC00A9DF61 /* Debug */ = {
			isa = XCBuildConfiguration;
			baseConfigurationReference = DDEC29BD09BE88C179E2C958 /* Pods-Toastie The Toaster.debug.xcconfig */;
			buildSettings = {
				ASSETCATALOG_COMPILER_APPICON_NAME = AppIcon;
				CODE_SIGN_STYLE = Automatic;
				DEVELOPMENT_TEAM = HKXG2MJJVF;
				FRAMEWORK_SEARCH_PATHS = (
					"$(inherited)",
					"\"${PODS_CONFIGURATION_BUILD_DIR}/SwiftSocket\"",
				);
				INFOPLIST_FILE = "Toastie The Toaster/Info.plist";
				LD_RUNPATH_SEARCH_PATHS = (
					"$(inherited)",
					"@executable_path/Frameworks",
				);
				PRODUCT_BUNDLE_IDENTIFIER = "Team-Projects.Toastie-The-Toaster";
				PRODUCT_NAME = "$(TARGET_NAME)";
				SWIFT_VERSION = 4.2;
				TARGETED_DEVICE_FAMILY = "1,2";
			};
			name = Debug;
		};
		40E420BA22445CFC00A9DF61 /* Release */ = {
			isa = XCBuildConfiguration;
			baseConfigurationReference = 4D7266838A136962909DA99F /* Pods-Toastie The Toaster.release.xcconfig */;
			buildSettings = {
				ASSETCATALOG_COMPILER_APPICON_NAME = AppIcon;
				CODE_SIGN_STYLE = Automatic;
				DEVELOPMENT_TEAM = HKXG2MJJVF;
				FRAMEWORK_SEARCH_PATHS = (
					"$(inherited)",
					"\"${PODS_CONFIGURATION_BUILD_DIR}/SwiftSocket\"",
				);
				INFOPLIST_FILE = "Toastie The Toaster/Info.plist";
				LD_RUNPATH_SEARCH_PATHS = (
					"$(inherited)",
					"@executable_path/Frameworks",
				);
				PRODUCT_BUNDLE_IDENTIFIER = "Team-Projects.Toastie-The-Toaster";
				PRODUCT_NAME = "$(TARGET_NAME)";
				SWIFT_VERSION = 4.2;
				TARGETED_DEVICE_FAMILY = "1,2";
			};
			name = Release;
		};
/* End XCBuildConfiguration section */

/* Begin XCConfigurationList section */
		40E420A122445CF800A9DF61 /* Build configuration list for PBXProject "Toastie The Toaster" */ = {
			isa = XCConfigurationList;
			buildConfigurations = (
				40E420B622445CFC00A9DF61 /* Debug */,
				40E420B722445CFC00A9DF61 /* Release */,
			);
			defaultConfigurationIsVisible = 0;
			defaultConfigurationName = Release;
		};
		40E420B822445CFC00A9DF61 /* Build configuration list for PBXNativeTarget "Toastie The Toaster" */ = {
			isa = XCConfigurationList;
			buildConfigurations = (
				40E420B922445CFC00A9DF61 /* Debug */,
				40E420BA22445CFC00A9DF61 /* Release */,
			);
			defaultConfigurationIsVisible = 0;
			defaultConfigurationName = Release;
		};
/* End XCConfigurationList section */
	};
	rootObject = 40E4209E22445CF800A9DF61 /* Project object */;
}
